
Microsoft Visual Studio Solution File, Format Version 12.00
# Visual Studio Version 16
VisualStudioVersion = 16.0.30011.22
MinimumVisualStudioVersion = 10.0.40219.1
Project("{FAE04EC0-301F-11D3-BF4B-00C04F79EFBC}") = "MyShop.Services", "MyShop.Services\MyShop.Services.csproj", "{0C26C145-96D5-4701-888C-FBECF4446E3A}"
EndProject
Project("{FAE04EC0-301F-11D3-BF4B-00C04F79EFBC}") = "MyShop.Repository", "MyShop.Repository\MyShop.Repository.csproj", "{F98C4348-2BC5-4828-8D99-10D0E3AAB203}"
EndProject
Project("{FAE04EC0-301F-11D3-BF4B-00C04F79EFBC}") = "MyShop.Common", "MyShop.Common\MyShop.Common.csproj", "{B64EBCA4-64F0-45AD-995F-71C17EF07504}"
EndProject
Project("{FAE04EC0-301F-11D3-BF4B-00C04F79EFBC}") = "MyShop.Model", "MyShop.Model\MyShop.Model.csproj", "{0D457C09-C35D-42D2-953C-B7DC468E0DE2}"
EndProject
Project("{9A19103F-16F7-4668-BE54-9A1E7A4F7556}") = "MyShopApi", "MyShopApi\MyShopApi.csproj", "{F46308C7-8D69-45A8-B03B-88E062902F8D}"
EndProject
Global
	GlobalSection(SolutionConfigurationPlatforms) = preSolution
		Debug|Any CPU = Debug|Any CPU
		Release|Any CPU = Release|Any CPU
	EndGlobalSection
	GlobalSection(ProjectConfigurationPlatforms) = postSolution
		{0C26C145-96D5-4701-888C-FBECF4446E3A}.Debug|Any CPU.ActiveCfg = Debug|Any CPU
		{0C26C145-96D5-4701-888C-FBECF4446E3A}.Debug|Any CPU.Build.0 = Debug|Any CPU
		{0C26C145-96D5-4701-888C-FBECF4446E3A}.Release|Any CPU.ActiveCfg = Release|Any CPU
		{0C26C145-96D5-4701-888C-FBECF4446E3A}.Release|Any CPU.Build.0 = Release|Any CPU
		{F98C4348-2BC5-4828-8D99-10D0E3AAB203}.Debug|Any CPU.ActiveCfg = Debug|Any CPU
		{F98C4348-2BC5-4828-8D99-10D0E3AAB203}.Debug|Any CPU.Build.0 = Debug|Any CPU
		{F98C4348-2BC5-4828-8D99-10D0E3AAB203}.Release|Any CPU.ActiveCfg = Release|Any CPU
		{F98C4348-2BC5-4828-8D99-10D0E3AAB203}.Release|Any CPU.Build.0 = Release|Any CPU
		{B64EBCA4-64F0-45AD-995F-71C17EF07504}.Debug|Any CPU.ActiveCfg = Debug|Any CPU
		{B64EBCA4-64F0-45AD-995F-71C17EF07504}.Debug|Any CPU.Build.0 = Debug|Any CPU
		{B64EBCA4-64F0-45AD-995F-71C17EF07504}.Release|Any CPU.ActiveCfg = Release|Any CPU
		{B64EBCA4-64F0-45AD-995F-71C17EF07504}.Release|Any CPU.Build.0 = Release|Any CPU
		{0D457C09-C35D-42D2-953C-B7DC468E0DE2}.Debug|Any CPU.ActiveCfg = Debug|Any CPU
		{0D457C09-C35D-42D2-953C-B7DC468E0DE2}.Debug|Any CPU.Build.0 = Debug|Any CPU
		{0D457C09-C35D-42D2-953C-B7DC468E0DE2}.Release|Any CPU.ActiveCfg = Release|Any CPU
		{0D457C09-C35D-42D2-953C-B7DC468E0DE2}.Release|Any CPU.Build.0 = Release|Any CPU
		{F46308C7-8D69-45A8-B03B-88E062902F8D}.Debug|Any CPU.ActiveCfg = Debug|Any CPU
		{F46308C7-8D69-45A8-B03B-88E062902F8D}.Debug|Any CPU.Build.0 = Debug|Any CPU
		{F46308C7-8D69-45A8-B03B-88E062902F8D}.Release|Any CPU.ActiveCfg = Release|Any CPU
		{F46308C7-8D69-45A8-B03B-88E062902F8D}.Release|Any CPU.Build.0 = Release|Any CPU
	EndGlobalSection
	GlobalSection(SolutionProperties) = preSolution
		HideSolutionNode = FALSE
	EndGlobalSection
	GlobalSection(ExtensibilityGlobals) = postSolution
		SolutionGuid = {B5166815-18BD-4CC1-8622-ECD413D7C0D2}
	EndGlobalSection
EndGlobal
